
Microsoft Visual Studio Solution File, Format Version 12.00
# Visual Studio 15
VisualStudioVersion = 15.0.26730.3
MinimumVisualStudioVersion = 10.0.40219.1
Project("{FAE04EC0-301F-11D3-BF4B-00C04F79EFBC}") = "Arrived", "Arrived\Arrived.csproj", "{3C692360-5FFC-4E90-B157-D388E1A80FDE}"
EndProject
Global
	GlobalSection(SolutionConfigurationPlatforms) = preSolution
		Debug|Any CPU = Debug|Any CPU
		Release|Any CPU = Release|Any CPU
	EndGlobalSection
	GlobalSection(ProjectConfigurationPlatforms) = postSolution
		{3C692360-5FFC-4E90-B157-D388E1A80FDE}.Debug|Any CPU.ActiveCfg = Debug|Any CPU
		{3C692360-5FFC-4E90-B157-D388E1A80FDE}.Debug|Any CPU.Build.0 = Debug|Any CPU
		{3C692360-5FFC-4E90-B157-D388E1A80FDE}.Debug|Any CPU.Deploy.0 = Debug|Any CPU
		{3C692360-5FFC-4E90-B157-D388E1A80FDE}.Release|Any CPU.ActiveCfg = Release|Any CPU
		{3C692360-5FFC-4E90-B157-D388E1A80FDE}.Release|Any CPU.Build.0 = Release|Any CPU
		{3C692360-5FFC-4E90-B157-D388E1A80FDE}.Release|Any CPU.Deploy.0 = Release|Any CPU
	EndGlobalSection
	GlobalSection(SolutionProperties) = preSolution
		HideSolutionNode = FALSE
	EndGlobalSection
	GlobalSection(ExtensibilityGlobals) = postSolution
		SolutionGuid = {09ED16B4-1855-4841-BED2-8DDC223C4F81}
	EndGlobalSection
EndGlobal
